{
    "_readme": [
        "This file locks the dependencies of your project to a known state",
        "Read more about it at http://getcomposer.org/doc/01-basic-usage.md#composer-lock-the-lock-file"
    ],
    "hash": "33bc884dbc64febdac4b4c0eb55a553e",
    "packages": [
        {
            "name": "maniaplanet/manialib",
            "version": "3.1.1",
            "source": {
                "type": "git",
                "url": "https://github.com/maniaplanet/manialib.git",
                "reference": "f6793944f9ad4b348bae491efc4d69ff815f0bd2"
            },
            "dist": {
                "type": "zip",
                "url": "https://api.github.com/repos/maniaplanet/manialib/zipball/f6793944f9ad4b348bae491efc4d69ff815f0bd2",
                "reference": "f6793944f9ad4b348bae491efc4d69ff815f0bd2",
                "shasum": ""
            },
            "require": {
                "php": ">=5.3"
            },
            "type": "library",
            "autoload": {
                "classmap": [
                    "libraries/ManiaLib"
                ]
            },
            "notification-url": "https://packagist.org/downloads/",
            "license": [
                "LGPL-3.0"
            ],
            "authors": [
                {
                    "name": "Nadeo",
                    "email": "contact@nadeo.com",
                    "homepage": "http://www.nadeo.com/"
                }
            ],
            "description": "Library to query ManiaPlanet webservices (shootmania and trackmania 2)",
            "homepage": "https://github.com/maniaplanet/manialib",
            "keywords": [
                "ManiaPlanet",
                "ShootMania",
                "TrackMania"
            ],
            "time": "2014-01-14 15:28:42"
        }
    ],
    "packages-dev": [

    ],
    "aliases": [

    ],
    "minimum-stability": "stable",
    "stability-flags": [

    ],
    "platform": {
        "php": ">=5.3"
    },
    "platform-dev": [

    ]
}
